// !$*UTF8*$!
{
	archiveVersion = 1;
	classes = {
	};
	objectVersion = 56;
	objects = {

/* Begin PBXBuildFile section */
		50D31F062B4BDA1B51FB0721 /* Pods_Prueba.framework in Frameworks */ = {isa = PBXBuildFile; fileRef = C34E0F00129AD0AF322166D7 /* Pods_Prueba.framework */; };
		6F5C432F2A38C66600AC3842 /* error.json in Resources */ = {isa = PBXBuildFile; fileRef = 6F5C432E2A38C66600AC3842 /* error.json */; };
		6F5C433B2A38FD6A00AC3842 /* CharacterDetailViewController.swift in Sources */ = {isa = PBXBuildFile; fileRef = 6F5C43362A38FD6A00AC3842 /* CharacterDetailViewController.swift */; };
		6F5C433C2A38FD6A00AC3842 /* CharacterDetailViewController.xib in Resources */ = {isa = PBXBuildFile; fileRef = 6F5C43372A38FD6A00AC3842 /* CharacterDetailViewController.xib */; };
		6F5C433D2A38FD6A00AC3842 /* DetailView.swift in Sources */ = {isa = PBXBuildFile; fileRef = 6F5C43392A38FD6A00AC3842 /* DetailView.swift */; };
		6F5C433E2A38FD6A00AC3842 /* DetailView.xib in Resources */ = {isa = PBXBuildFile; fileRef = 6F5C433A2A38FD6A00AC3842 /* DetailView.xib */; };
		6F5C43422A39063700AC3842 /* UIViewController+Extension.swift in Sources */ = {isa = PBXBuildFile; fileRef = 6F5C43402A39063700AC3842 /* UIViewController+Extension.swift */; };
		6F5C43432A39063700AC3842 /* UIView+Extension.swift in Sources */ = {isa = PBXBuildFile; fileRef = 6F5C43412A39063700AC3842 /* UIView+Extension.swift */; };
		6F5C43542A3916EA00AC3842 /* CharacterListJSON.json in Resources */ = {isa = PBXBuildFile; fileRef = 6F5C43532A3916EA00AC3842 /* CharacterListJSON.json */; };
		6F5C43562A39170900AC3842 /* ApiMock.swift in Sources */ = {isa = PBXBuildFile; fileRef = 6F5C43552A39170900AC3842 /* ApiMock.swift */; };
		6F5C43582A3918E800AC3842 /* TestCharactersListViewController.swift in Sources */ = {isa = PBXBuildFile; fileRef = 6F5C43572A3918E800AC3842 /* TestCharactersListViewController.swift */; };
		6F5C435A2A391EE300AC3842 /* Empty.json in Resources */ = {isa = PBXBuildFile; fileRef = 6F5C43592A391EE300AC3842 /* Empty.json */; };
		6F5C43602A3938BE00AC3842 /* TestCharacterDetailViewController.swift in Sources */ = {isa = PBXBuildFile; fileRef = 6F5C435F2A3938BE00AC3842 /* TestCharacterDetailViewController.swift */; };
		6F7530952A3A87B3003B1C70 /* TestCharactersListViewModel.swift in Sources */ = {isa = PBXBuildFile; fileRef = 6F7530942A3A87B3003B1C70 /* TestCharactersListViewModel.swift */; };
		6F7530972A3A92E9003B1C70 /* load.json in Resources */ = {isa = PBXBuildFile; fileRef = 6F7530962A3A92E9003B1C70 /* load.json */; };
		6FB6BC132A37B8780045B548 /* CharactersListViewController.xib in Resources */ = {isa = PBXBuildFile; fileRef = 6FB6BC122A37B8780045B548 /* CharactersListViewController.xib */; };
		6FB6BC172A37B8B60045B548 /* CharactersListViewModel.swift in Sources */ = {isa = PBXBuildFile; fileRef = 6FB6BC162A37B8B60045B548 /* CharactersListViewModel.swift */; };
		6FB6BC1C2A37B8EF0045B548 /* Api.swift in Sources */ = {isa = PBXBuildFile; fileRef = 6FB6BC1B2A37B8EF0045B548 /* Api.swift */; };
		6FB6BC1E2A37B91E0045B548 /* CharacterListRequest.swift in Sources */ = {isa = PBXBuildFile; fileRef = 6FB6BC1D2A37B91E0045B548 /* CharacterListRequest.swift */; };
		6FB6BC202A37B9A60045B548 /* CharactersDataList.swift in Sources */ = {isa = PBXBuildFile; fileRef = 6FB6BC1F2A37B9A60045B548 /* CharactersDataList.swift */; };
		6FB6BC242A37B9CD0045B548 /* CharacterData.swift in Sources */ = {isa = PBXBuildFile; fileRef = 6FB6BC232A37B9CD0045B548 /* CharacterData.swift */; };
		6FB6BC272A37BA230045B548 /* CharacterListDTO.swift in Sources */ = {isa = PBXBuildFile; fileRef = 6FB6BC262A37BA230045B548 /* CharacterListDTO.swift */; };
		6FB6BC2A2A37E5400045B548 /* CharacterCell.swift in Sources */ = {isa = PBXBuildFile; fileRef = 6FB6BC282A37E5400045B548 /* CharacterCell.swift */; };
		6FB6BC2B2A37E5400045B548 /* CharacterCell.xib in Resources */ = {isa = PBXBuildFile; fileRef = 6FB6BC292A37E5400045B548 /* CharacterCell.xib */; };
		6FDB92FD2A37B7B800E0612E /* AppDelegate.swift in Sources */ = {isa = PBXBuildFile; fileRef = 6FDB92FC2A37B7B800E0612E /* AppDelegate.swift */; };
		6FDB92FF2A37B7B800E0612E /* SceneDelegate.swift in Sources */ = {isa = PBXBuildFile; fileRef = 6FDB92FE2A37B7B800E0612E /* SceneDelegate.swift */; };
		6FDB93012A37B7B800E0612E /* CharactersListViewController.swift in Sources */ = {isa = PBXBuildFile; fileRef = 6FDB93002A37B7B800E0612E /* CharactersListViewController.swift */; };
		6FDB93062A37B7BB00E0612E /* Assets.xcassets in Resources */ = {isa = PBXBuildFile; fileRef = 6FDB93052A37B7BB00E0612E /* Assets.xcassets */; };
		6FDB93092A37B7BB00E0612E /* LaunchScreen.storyboard in Resources */ = {isa = PBXBuildFile; fileRef = 6FDB93072A37B7BB00E0612E /* LaunchScreen.storyboard */; };
/* End PBXBuildFile section */

/* Begin PBXContainerItemProxy section */
		6F5C434C2A3915ED00AC3842 /* PBXContainerItemProxy */ = {
			isa = PBXContainerItemProxy;
			containerPortal = 6FDB92F12A37B7B800E0612E /* Project object */;
			proxyType = 1;
			remoteGlobalIDString = 6FDB92F82A37B7B800E0612E;
			remoteInfo = Prueba;
		};
/* End PBXContainerItemProxy section */

/* Begin PBXFileReference section */
		6F5C432E2A38C66600AC3842 /* error.json */ = {isa = PBXFileReference; fileEncoding = 4; lastKnownFileType = text.json; path = error.json; sourceTree = "<group>"; };
		6F5C43362A38FD6A00AC3842 /* CharacterDetailViewController.swift */ = {isa = PBXFileReference; fileEncoding = 4; lastKnownFileType = sourcecode.swift; path = CharacterDetailViewController.swift; sourceTree = "<group>"; };
		6F5C43372A38FD6A00AC3842 /* CharacterDetailViewController.xib */ = {isa = PBXFileReference; fileEncoding = 4; lastKnownFileType = file.xib; path = CharacterDetailViewController.xib; sourceTree = "<group>"; };
		6F5C43392A38FD6A00AC3842 /* DetailView.swift */ = {isa = PBXFileReference; fileEncoding = 4; lastKnownFileType = sourcecode.swift; path = DetailView.swift; sourceTree = "<group>"; };
		6F5C433A2A38FD6A00AC3842 /* DetailView.xib */ = {isa = PBXFileReference; fileEncoding = 4; lastKnownFileType = file.xib; path = DetailView.xib; sourceTree = "<group>"; };
		6F5C43402A39063700AC3842 /* UIViewController+Extension.swift */ = {isa = PBXFileReference; fileEncoding = 4; lastKnownFileType = sourcecode.swift; path = "UIViewController+Extension.swift"; sourceTree = "<group>"; };
		6F5C43412A39063700AC3842 /* UIView+Extension.swift */ = {isa = PBXFileReference; fileEncoding = 4; lastKnownFileType = sourcecode.swift; path = "UIView+Extension.swift"; sourceTree = "<group>"; };
		6F5C43482A3915ED00AC3842 /* PruebaTests.xctest */ = {isa = PBXFileReference; explicitFileType = wrapper.cfbundle; includeInIndex = 0; path = PruebaTests.xctest; sourceTree = BUILT_PRODUCTS_DIR; };
		6F5C43532A3916EA00AC3842 /* CharacterListJSON.json */ = {isa = PBXFileReference; lastKnownFileType = text.json; path = CharacterListJSON.json; sourceTree = "<group>"; };
		6F5C43552A39170900AC3842 /* ApiMock.swift */ = {isa = PBXFileReference; lastKnownFileType = sourcecode.swift; path = ApiMock.swift; sourceTree = "<group>"; };
		6F5C43572A3918E800AC3842 /* TestCharactersListViewController.swift */ = {isa = PBXFileReference; lastKnownFileType = sourcecode.swift; path = TestCharactersListViewController.swift; sourceTree = "<group>"; };
		6F5C43592A391EE300AC3842 /* Empty.json */ = {isa = PBXFileReference; lastKnownFileType = text.json; path = Empty.json; sourceTree = "<group>"; };
		6F5C435F2A3938BE00AC3842 /* TestCharacterDetailViewController.swift */ = {isa = PBXFileReference; lastKnownFileType = sourcecode.swift; path = TestCharacterDetailViewController.swift; sourceTree = "<group>"; };
		6F7530942A3A87B3003B1C70 /* TestCharactersListViewModel.swift */ = {isa = PBXFileReference; lastKnownFileType = sourcecode.swift; path = TestCharactersListViewModel.swift; sourceTree = "<group>"; };
		6F7530962A3A92E9003B1C70 /* load.json */ = {isa = PBXFileReference; fileEncoding = 4; lastKnownFileType = text.json; path = load.json; sourceTree = "<group>"; };
		6FB6BC122A37B8780045B548 /* CharactersListViewController.xib */ = {isa = PBXFileReference; lastKnownFileType = file.xib; path = CharactersListViewController.xib; sourceTree = "<group>"; };
		6FB6BC162A37B8B60045B548 /* CharactersListViewModel.swift */ = {isa = PBXFileReference; lastKnownFileType = sourcecode.swift; path = CharactersListViewModel.swift; sourceTree = "<group>"; };
		6FB6BC1B2A37B8EF0045B548 /* Api.swift */ = {isa = PBXFileReference; lastKnownFileType = sourcecode.swift; path = Api.swift; sourceTree = "<group>"; };
		6FB6BC1D2A37B91E0045B548 /* CharacterListRequest.swift */ = {isa = PBXFileReference; lastKnownFileType = sourcecode.swift; path = CharacterListRequest.swift; sourceTree = "<group>"; };
		6FB6BC1F2A37B9A60045B548 /* CharactersDataList.swift */ = {isa = PBXFileReference; lastKnownFileType = sourcecode.swift; path = CharactersDataList.swift; sourceTree = "<group>"; };
		6FB6BC232A37B9CD0045B548 /* CharacterData.swift */ = {isa = PBXFileReference; lastKnownFileType = sourcecode.swift; path = CharacterData.swift; sourceTree = "<group>"; };
		6FB6BC262A37BA230045B548 /* CharacterListDTO.swift */ = {isa = PBXFileReference; lastKnownFileType = sourcecode.swift; path = CharacterListDTO.swift; sourceTree = "<group>"; };
		6FB6BC282A37E5400045B548 /* CharacterCell.swift */ = {isa = PBXFileReference; fileEncoding = 4; lastKnownFileType = sourcecode.swift; path = CharacterCell.swift; sourceTree = "<group>"; };
		6FB6BC292A37E5400045B548 /* CharacterCell.xib */ = {isa = PBXFileReference; fileEncoding = 4; lastKnownFileType = file.xib; path = CharacterCell.xib; sourceTree = "<group>"; };
		6FDB92F92A37B7B800E0612E /* Prueba.app */ = {isa = PBXFileReference; explicitFileType = wrapper.application; includeInIndex = 0; path = Prueba.app; sourceTree = BUILT_PRODUCTS_DIR; };
		6FDB92FC2A37B7B800E0612E /* AppDelegate.swift */ = {isa = PBXFileReference; lastKnownFileType = sourcecode.swift; path = AppDelegate.swift; sourceTree = "<group>"; };
		6FDB92FE2A37B7B800E0612E /* SceneDelegate.swift */ = {isa = PBXFileReference; lastKnownFileType = sourcecode.swift; path = SceneDelegate.swift; sourceTree = "<group>"; };
		6FDB93002A37B7B800E0612E /* CharactersListViewController.swift */ = {isa = PBXFileReference; lastKnownFileType = sourcecode.swift; path = CharactersListViewController.swift; sourceTree = "<group>"; };
		6FDB93052A37B7BB00E0612E /* Assets.xcassets */ = {isa = PBXFileReference; lastKnownFileType = folder.assetcatalog; path = Assets.xcassets; sourceTree = "<group>"; };
		6FDB93082A37B7BB00E0612E /* Base */ = {isa = PBXFileReference; lastKnownFileType = file.storyboard; name = Base; path = Base.lproj/LaunchScreen.storyboard; sourceTree = "<group>"; };
		6FDB930A2A37B7BB00E0612E /* Info.plist */ = {isa = PBXFileReference; lastKnownFileType = text.plist.xml; path = Info.plist; sourceTree = "<group>"; };
		8B10DD4F8563D78C60897942 /* Pods-Prueba.release.xcconfig */ = {isa = PBXFileReference; includeInIndex = 1; lastKnownFileType = text.xcconfig; name = "Pods-Prueba.release.xcconfig"; path = "Target Support Files/Pods-Prueba/Pods-Prueba.release.xcconfig"; sourceTree = "<group>"; };
		C34E0F00129AD0AF322166D7 /* Pods_Prueba.framework */ = {isa = PBXFileReference; explicitFileType = wrapper.framework; includeInIndex = 0; path = Pods_Prueba.framework; sourceTree = BUILT_PRODUCTS_DIR; };
		F02D2735E62EA2A1431BF222 /* Pods-Prueba.debug.xcconfig */ = {isa = PBXFileReference; includeInIndex = 1; lastKnownFileType = text.xcconfig; name = "Pods-Prueba.debug.xcconfig"; path = "Target Support Files/Pods-Prueba/Pods-Prueba.debug.xcconfig"; sourceTree = "<group>"; };
/* End PBXFileReference section */

/* Begin PBXFrameworksBuildPhase section */
		6F5C43452A3915ED00AC3842 /* Frameworks */ = {
			isa = PBXFrameworksBuildPhase;
			buildActionMask = 2147483647;
			files = (
			);
			runOnlyForDeploymentPostprocessing = 0;
		};
		6FDB92F62A37B7B800E0612E /* Frameworks */ = {
			isa = PBXFrameworksBuildPhase;
			buildActionMask = 2147483647;
			files = (
				50D31F062B4BDA1B51FB0721 /* Pods_Prueba.framework in Frameworks */,
			);
			runOnlyForDeploymentPostprocessing = 0;
		};
/* End PBXFrameworksBuildPhase section */

/* Begin PBXGroup section */
		6F5C43342A38FCD800AC3842 /* CharacterDetail */ = {
			isa = PBXGroup;
			children = (
				6F5C43352A38FD6A00AC3842 /* View */,
				6F5C43382A38FD6A00AC3842 /* ViewComponents */,
			);
			path = CharacterDetail;
			sourceTree = "<group>";
		};
		6F5C43352A38FD6A00AC3842 /* View */ = {
			isa = PBXGroup;
			children = (
				6F5C43362A38FD6A00AC3842 /* CharacterDetailViewController.swift */,
				6F5C43372A38FD6A00AC3842 /* CharacterDetailViewController.xib */,
			);
			path = View;
			sourceTree = "<group>";
		};
		6F5C43382A38FD6A00AC3842 /* ViewComponents */ = {
			isa = PBXGroup;
			children = (
				6F5C43392A38FD6A00AC3842 /* DetailView.swift */,
				6F5C433A2A38FD6A00AC3842 /* DetailView.xib */,
			);
			path = ViewComponents;
			sourceTree = "<group>";
		};
		6F5C433F2A3905EE00AC3842 /* Extensions */ = {
			isa = PBXGroup;
			children = (
				6F5C43412A39063700AC3842 /* UIView+Extension.swift */,
				6F5C43402A39063700AC3842 /* UIViewController+Extension.swift */,
			);
			path = Extensions;
			sourceTree = "<group>";
		};
		6F5C43492A3915ED00AC3842 /* PruebaTests */ = {
			isa = PBXGroup;
			children = (
				6F5C43612A393D3000AC3842 /* Test */,
				6F5C43532A3916EA00AC3842 /* CharacterListJSON.json */,
				6F5C43552A39170900AC3842 /* ApiMock.swift */,
				6F5C43592A391EE300AC3842 /* Empty.json */,
			);
			path = PruebaTests;
			sourceTree = "<group>";
		};
		6F5C43612A393D3000AC3842 /* Test */ = {
			isa = PBXGroup;
			children = (
				6F5C43572A3918E800AC3842 /* TestCharactersListViewController.swift */,
				6F5C435F2A3938BE00AC3842 /* TestCharacterDetailViewController.swift */,
				6F7530942A3A87B3003B1C70 /* TestCharactersListViewModel.swift */,
			);
			path = Test;
			sourceTree = "<group>";
		};
		6FB6BC142A37B88A0045B548 /* View */ = {
			isa = PBXGroup;
			children = (
				6FDB93002A37B7B800E0612E /* CharactersListViewController.swift */,
				6FB6BC122A37B8780045B548 /* CharactersListViewController.xib */,
			);
			path = View;
			sourceTree = "<group>";
		};
		6FB6BC152A37B8920045B548 /* ViewModel */ = {
			isa = PBXGroup;
			children = (
				6FB6BC162A37B8B60045B548 /* CharactersListViewModel.swift */,
			);
			path = ViewModel;
			sourceTree = "<group>";
		};
		6FB6BC182A37B8BF0045B548 /* Api */ = {
			isa = PBXGroup;
			children = (
				6FB6BC1A2A37B8E30045B548 /* DTO */,
				6FB6BC192A37B8C90045B548 /* Request */,
				6FB6BC1B2A37B8EF0045B548 /* Api.swift */,
			);
			path = Api;
			sourceTree = "<group>";
		};
		6FB6BC192A37B8C90045B548 /* Request */ = {
			isa = PBXGroup;
			children = (
				6FB6BC1D2A37B91E0045B548 /* CharacterListRequest.swift */,
			);
			path = Request;
			sourceTree = "<group>";
		};
		6FB6BC1A2A37B8E30045B548 /* DTO */ = {
			isa = PBXGroup;
			children = (
				6FB6BC262A37BA230045B548 /* CharacterListDTO.swift */,
			);
			path = DTO;
			sourceTree = "<group>";
		};
		6FB6BC252A37B9D90045B548 /* Data */ = {
			isa = PBXGroup;
			children = (
				6FB6BC232A37B9CD0045B548 /* CharacterData.swift */,
				6FB6BC1F2A37B9A60045B548 /* CharactersDataList.swift */,
			);
			path = Data;
			sourceTree = "<group>";
		};
		6FB6BC2C2A37E7220045B548 /* CharacterCell */ = {
			isa = PBXGroup;
			children = (
				6FB6BC282A37E5400045B548 /* CharacterCell.swift */,
				6FB6BC292A37E5400045B548 /* CharacterCell.xib */,
			);
			path = CharacterCell;
			sourceTree = "<group>";
		};
		6FB6BC2D2A37ED500045B548 /* Lottie */ = {
			isa = PBXGroup;
			children = (
				6F7530962A3A92E9003B1C70 /* load.json */,
				6F5C432E2A38C66600AC3842 /* error.json */,
			);
			path = Lottie;
			sourceTree = "<group>";
		};
		6FDB92F02A37B7B800E0612E = {
			isa = PBXGroup;
			children = (
				6FDB92FB2A37B7B800E0612E /* Prueba */,
				6F5C43492A3915ED00AC3842 /* PruebaTests */,
				6FDB92FA2A37B7B800E0612E /* Products */,
				9A09410A6987E1ABAC5A73B1 /* Pods */,
				F029958993E796F45B254485 /* Frameworks */,
			);
			sourceTree = "<group>";
		};
		6FDB92FA2A37B7B800E0612E /* Products */ = {
			isa = PBXGroup;
			children = (
				6FDB92F92A37B7B800E0612E /* Prueba.app */,
				6F5C43482A3915ED00AC3842 /* PruebaTests.xctest */,
			);
			name = Products;
			sourceTree = "<group>";
		};
		6FDB92FB2A37B7B800E0612E /* Prueba */ = {
			isa = PBXGroup;
			children = (
				6F5C433F2A3905EE00AC3842 /* Extensions */,
				6F5C43342A38FCD800AC3842 /* CharacterDetail */,
				6FB6BC2D2A37ED500045B548 /* Lottie */,
				6FB6BC252A37B9D90045B548 /* Data */,
				6FB6BC182A37B8BF0045B548 /* Api */,
				6FDB93122A37B83B00E0612E /* CharactersList */,
				6FDB92FC2A37B7B800E0612E /* AppDelegate.swift */,
				6FDB92FE2A37B7B800E0612E /* SceneDelegate.swift */,
				6FDB93052A37B7BB00E0612E /* Assets.xcassets */,
				6FDB93072A37B7BB00E0612E /* LaunchScreen.storyboard */,
				6FDB930A2A37B7BB00E0612E /* Info.plist */,
			);
			path = Prueba;
			sourceTree = "<group>";
		};
		6FDB93122A37B83B00E0612E /* CharactersList */ = {
			isa = PBXGroup;
			children = (
				6FB6BC2C2A37E7220045B548 /* CharacterCell */,
				6FB6BC152A37B8920045B548 /* ViewModel */,
				6FB6BC142A37B88A0045B548 /* View */,
			);
			path = CharactersList;
			sourceTree = "<group>";
		};
		9A09410A6987E1ABAC5A73B1 /* Pods */ = {
			isa = PBXGroup;
			children = (
				F02D2735E62EA2A1431BF222 /* Pods-Prueba.debug.xcconfig */,
				8B10DD4F8563D78C60897942 /* Pods-Prueba.release.xcconfig */,
			);
			path = Pods;
			sourceTree = "<group>";
		};
		F029958993E796F45B254485 /* Frameworks */ = {
			isa = PBXGroup;
			children = (
				C34E0F00129AD0AF322166D7 /* Pods_Prueba.framework */,
			);
			name = Frameworks;
			sourceTree = "<group>";
		};
/* End PBXGroup section */

/* Begin PBXNativeTarget section */
		6F5C43472A3915ED00AC3842 /* PruebaTests */ = {
			isa = PBXNativeTarget;
			buildConfigurationList = 6F5C434E2A3915ED00AC3842 /* Build configuration list for PBXNativeTarget "PruebaTests" */;
			buildPhases = (
				6F5C43442A3915ED00AC3842 /* Sources */,
				6F5C43452A3915ED00AC3842 /* Frameworks */,
				6F5C43462A3915ED00AC3842 /* Resources */,
			);
			buildRules = (
			);
			dependencies = (
				6F5C434D2A3915ED00AC3842 /* PBXTargetDependency */,
			);
			name = PruebaTests;
			productName = PruebaTests;
			productReference = 6F5C43482A3915ED00AC3842 /* PruebaTests.xctest */;
			productType = "com.apple.product-type.bundle.unit-test";
		};
		6FDB92F82A37B7B800E0612E /* Prueba */ = {
			isa = PBXNativeTarget;
			buildConfigurationList = 6FDB930D2A37B7BB00E0612E /* Build configuration list for PBXNativeTarget "Prueba" */;
			buildPhases = (
				D9C9A7DEA5CCEE0491CEB704 /* [CP] Check Pods Manifest.lock */,
				6FDB92F52A37B7B800E0612E /* Sources */,
				6FDB92F62A37B7B800E0612E /* Frameworks */,
				6FDB92F72A37B7B800E0612E /* Resources */,
				32E4BC0AB02B1531A2ADA1B1 /* [CP] Embed Pods Frameworks */,
			);
			buildRules = (
			);
			dependencies = (
			);
			name = Prueba;
			productName = Prueba;
			productReference = 6FDB92F92A37B7B800E0612E /* Prueba.app */;
			productType = "com.apple.product-type.application";
		};
/* End PBXNativeTarget section */

/* Begin PBXProject section */
		6FDB92F12A37B7B800E0612E /* Project object */ = {
			isa = PBXProject;
			attributes = {
				BuildIndependentTargetsInParallel = 1;
				LastSwiftUpdateCheck = 1420;
				LastUpgradeCheck = 1420;
				TargetAttributes = {
					6F5C43472A3915ED00AC3842 = {
						CreatedOnToolsVersion = 14.2;
						TestTargetID = 6FDB92F82A37B7B800E0612E;
					};
					6FDB92F82A37B7B800E0612E = {
						CreatedOnToolsVersion = 14.2;
					};
				};
			};
			buildConfigurationList = 6FDB92F42A37B7B800E0612E /* Build configuration list for PBXProject "Prueba" */;
			compatibilityVersion = "Xcode 14.0";
			developmentRegion = en;
			hasScannedForEncodings = 0;
			knownRegions = (
				en,
				Base,
			);
			mainGroup = 6FDB92F02A37B7B800E0612E;
			productRefGroup = 6FDB92FA2A37B7B800E0612E /* Products */;
			projectDirPath = "";
			projectRoot = "";
			targets = (
				6FDB92F82A37B7B800E0612E /* Prueba */,
				6F5C43472A3915ED00AC3842 /* PruebaTests */,
			);
		};
/* End PBXProject section */

/* Begin PBXResourcesBuildPhase section */
		6F5C43462A3915ED00AC3842 /* Resources */ = {
			isa = PBXResourcesBuildPhase;
			buildActionMask = 2147483647;
			files = (
				6F5C43542A3916EA00AC3842 /* CharacterListJSON.json in Resources */,
				6F5C435A2A391EE300AC3842 /* Empty.json in Resources */,
			);
			runOnlyForDeploymentPostprocessing = 0;
		};
		6FDB92F72A37B7B800E0612E /* Resources */ = {
			isa = PBXResourcesBuildPhase;
			buildActionMask = 2147483647;
			files = (
				6FDB93092A37B7BB00E0612E /* LaunchScreen.storyboard in Resources */,
				6F7530972A3A92E9003B1C70 /* load.json in Resources */,
				6FB6BC132A37B8780045B548 /* CharactersListViewController.xib in Resources */,
				6F5C433C2A38FD6A00AC3842 /* CharacterDetailViewController.xib in Resources */,
				6FDB93062A37B7BB00E0612E /* Assets.xcassets in Resources */,
				6F5C433E2A38FD6A00AC3842 /* DetailView.xib in Resources */,
				6F5C432F2A38C66600AC3842 /* error.json in Resources */,
				6FB6BC2B2A37E5400045B548 /* CharacterCell.xib in Resources */,
			);
			runOnlyForDeploymentPostprocessing = 0;
		};
/* End PBXResourcesBuildPhase section */

/* Begin PBXShellScriptBuildPhase section */
		32E4BC0AB02B1531A2ADA1B1 /* [CP] Embed Pods Frameworks */ = {
			isa = PBXShellScriptBuildPhase;
			buildActionMask = 2147483647;
			files = (
			);
			inputFileListPaths = (
				"${PODS_ROOT}/Target Support Files/Pods-Prueba/Pods-Prueba-frameworks-${CONFIGURATION}-input-files.xcfilelist",
			);
			name = "[CP] Embed Pods Frameworks";
			outputFileListPaths = (
				"${PODS_ROOT}/Target Support Files/Pods-Prueba/Pods-Prueba-frameworks-${CONFIGURATION}-output-files.xcfilelist",
			);
			runOnlyForDeploymentPostprocessing = 0;
			shellPath = /bin/sh;
			shellScript = "\"${PODS_ROOT}/Target Support Files/Pods-Prueba/Pods-Prueba-frameworks.sh\"\n";
			showEnvVarsInLog = 0;
		};
		D9C9A7DEA5CCEE0491CEB704 /* [CP] Check Pods Manifest.lock */ = {
			isa = PBXShellScriptBuildPhase;
			buildActionMask = 2147483647;
			files = (
			);
			inputFileListPaths = (
			);
			inputPaths = (
				"${PODS_PODFILE_DIR_PATH}/Podfile.lock",
				"${PODS_ROOT}/Manifest.lock",
			);
			name = "[CP] Check Pods Manifest.lock";
			outputFileListPaths = (
			);
			outputPaths = (
				"$(DERIVED_FILE_DIR)/Pods-Prueba-checkManifestLockResult.txt",
			);
			runOnlyForDeploymentPostprocessing = 0;
			shellPath = /bin/sh;
			shellScript = "diff \"${PODS_PODFILE_DIR_PATH}/Podfile.lock\" \"${PODS_ROOT}/Manifest.lock\" > /dev/null\nif [ $? != 0 ] ; then\n    # print error to STDERR\n    echo \"error: The sandbox is not in sync with the Podfile.lock. Run 'pod install' or update your CocoaPods installation.\" >&2\n    exit 1\nfi\n# This output is used by Xcode 'outputs' to avoid re-running this script phase.\necho \"SUCCESS\" > \"${SCRIPT_OUTPUT_FILE_0}\"\n";
			showEnvVarsInLog = 0;
		};
/* End PBXShellScriptBuildPhase section */

/* Begin PBXSourcesBuildPhase section */
		6F5C43442A3915ED00AC3842 /* Sources */ = {
			isa = PBXSourcesBuildPhase;
			buildActionMask = 2147483647;
			files = (
				6F5C43582A3918E800AC3842 /* TestCharactersListViewController.swift in Sources */,
				6F5C43602A3938BE00AC3842 /* TestCharacterDetailViewController.swift in Sources */,
				6F7530952A3A87B3003B1C70 /* TestCharactersListViewModel.swift in Sources */,
				6F5C43562A39170900AC3842 /* ApiMock.swift in Sources */,
			);
			runOnlyForDeploymentPostprocessing = 0;
		};
		6FDB92F52A37B7B800E0612E /* Sources */ = {
			isa = PBXSourcesBuildPhase;
			buildActionMask = 2147483647;
			files = (
				6F5C433B2A38FD6A00AC3842 /* CharacterDetailViewController.swift in Sources */,
				6F5C43422A39063700AC3842 /* UIViewController+Extension.swift in Sources */,
				6F5C433D2A38FD6A00AC3842 /* DetailView.swift in Sources */,
				6FB6BC202A37B9A60045B548 /* CharactersDataList.swift in Sources */,
				6FB6BC172A37B8B60045B548 /* CharactersListViewModel.swift in Sources */,
				6FDB93012A37B7B800E0612E /* CharactersListViewController.swift in Sources */,
				6FDB92FD2A37B7B800E0612E /* AppDelegate.swift in Sources */,
				6FB6BC1E2A37B91E0045B548 /* CharacterListRequest.swift in Sources */,
				6F5C43432A39063700AC3842 /* UIView+Extension.swift in Sources */,
				6FB6BC2A2A37E5400045B548 /* CharacterCell.swift in Sources */,
				6FB6BC272A37BA230045B548 /* CharacterListDTO.swift in Sources */,
				6FB6BC1C2A37B8EF0045B548 /* Api.swift in Sources */,
				6FDB92FF2A37B7B800E0612E /* SceneDelegate.swift in Sources */,
				6FB6BC242A37B9CD0045B548 /* CharacterData.swift in Sources */,
			);
			runOnlyForDeploymentPostprocessing = 0;
		};
/* End PBXSourcesBuildPhase section */

/* Begin PBXTargetDependency section */
		6F5C434D2A3915ED00AC3842 /* PBXTargetDependency */ = {
			isa = PBXTargetDependency;
			target = 6FDB92F82A37B7B800E0612E /* Prueba */;
			targetProxy = 6F5C434C2A3915ED00AC3842 /* PBXContainerItemProxy */;
		};
/* End PBXTargetDependency section */

/* Begin PBXVariantGroup section */
		6FDB93072A37B7BB00E0612E /* LaunchScreen.storyboard */ = {
			isa = PBXVariantGroup;
			children = (
				6FDB93082A37B7BB00E0612E /* Base */,
			);
			name = LaunchScreen.storyboard;
			sourceTree = "<group>";
		};
/* End PBXVariantGroup section */

/* Begin XCBuildConfiguration section */
		6F5C434F2A3915ED00AC3842 /* Debug */ = {
			isa = XCBuildConfiguration;
			buildSettings = {
				BUNDLE_LOADER = "$(TEST_HOST)";
				CODE_SIGN_STYLE = Automatic;
				CURRENT_PROJECT_VERSION = 1;
				DEVELOPMENT_TEAM = HGFM96H52V;
				GENERATE_INFOPLIST_FILE = YES;
				MARKETING_VERSION = 1.0;
				PRODUCT_BUNDLE_IDENTIFIER = cristobalramos.com.PruebaTests;
				PRODUCT_NAME = "$(TARGET_NAME)";
				SWIFT_EMIT_LOC_STRINGS = NO;
				SWIFT_VERSION = 5.0;
				TARGETED_DEVICE_FAMILY = "1,2";
				TEST_HOST = "$(BUILT_PRODUCTS_DIR)/Prueba.app/$(BUNDLE_EXECUTABLE_FOLDER_PATH)/Prueba";
			};
			name = Debug;
		};
		6F5C43502A3915ED00AC3842 /* Release */ = {
			isa = XCBuildConfiguration;
			buildSettings = {
				BUNDLE_LOADER = "$(TEST_HOST)";
				CODE_SIGN_STYLE = Automatic;
				CURRENT_PROJECT_VERSION = 1;
				DEVELOPMENT_TEAM = HGFM96H52V;
				GENERATE_INFOPLIST_FILE = YES;
				MARKETING_VERSION = 1.0;
				PRODUCT_BUNDLE_IDENTIFIER = cristobalramos.com.PruebaTests;
				PRODUCT_NAME = "$(TARGET_NAME)";
				SWIFT_EMIT_LOC_STRINGS = NO;
				SWIFT_VERSION = 5.0;
				TARGETED_DEVICE_FAMILY = "1,2";
				TEST_HOST = "$(BUILT_PRODUCTS_DIR)/Prueba.app/$(BUNDLE_EXECUTABLE_FOLDER_PATH)/Prueba";
			};
			name = Release;
		};
		6FDB930B2A37B7BB00E0612E /* Debug */ = {
			isa = XCBuildConfiguration;
			buildSettings = {
				ALWAYS_SEARCH_USER_PATHS = NO;
				CLANG_ANALYZER_NONNULL = YES;
				CLANG_ANALYZER_NUMBER_OBJECT_CONVERSION = YES_AGGRESSIVE;
				CLANG_CXX_LANGUAGE_STANDARD = "gnu++20";
				CLANG_ENABLE_MODULES = YES;
				CLANG_ENABLE_OBJC_ARC = YES;
				CLANG_ENABLE_OBJC_WEAK = YES;
				CLANG_WARN_BLOCK_CAPTURE_AUTORELEASING = YES;
				CLANG_WARN_BOOL_CONVERSION = YES;
				CLANG_WARN_COMMA = YES;
				CLANG_WARN_CONSTANT_CONVERSION = YES;
				CLANG_WARN_DEPRECATED_OBJC_IMPLEMENTATIONS = YES;
				CLANG_WARN_DIRECT_OBJC_ISA_USAGE = YES_ERROR;
				CLANG_WARN_DOCUMENTATION_COMMENTS = YES;
				CLANG_WARN_EMPTY_BODY = YES;
				CLANG_WARN_ENUM_CONVERSION = YES;
				CLANG_WARN_INFINITE_RECURSION = YES;
				CLANG_WARN_INT_CONVERSION = YES;
				CLANG_WARN_NON_LITERAL_NULL_CONVERSION = YES;
				CLANG_WARN_OBJC_IMPLICIT_RETAIN_SELF = YES;
				CLANG_WARN_OBJC_LITERAL_CONVERSION = YES;
				CLANG_WARN_OBJC_ROOT_CLASS = YES_ERROR;
				CLANG_WARN_QUOTED_INCLUDE_IN_FRAMEWORK_HEADER = YES;
				CLANG_WARN_RANGE_LOOP_ANALYSIS = YES;
				CLANG_WARN_STRICT_PROTOTYPES = YES;
				CLANG_WARN_SUSPICIOUS_MOVE = YES;
				CLANG_WARN_UNGUARDED_AVAILABILITY = YES_AGGRESSIVE;
				CLANG_WARN_UNREACHABLE_CODE = YES;
				CLANG_WARN__DUPLICATE_METHOD_MATCH = YES;
				COPY_PHASE_STRIP = NO;
				DEBUG_INFORMATION_FORMAT = dwarf;
				ENABLE_STRICT_OBJC_MSGSEND = YES;
				ENABLE_TESTABILITY = YES;
				GCC_C_LANGUAGE_STANDARD = gnu11;
				GCC_DYNAMIC_NO_PIC = NO;
				GCC_NO_COMMON_BLOCKS = YES;
				GCC_OPTIMIZATION_LEVEL = 0;
				GCC_PREPROCESSOR_DEFINITIONS = (
					"DEBUG=1",
					"$(inherited)",
				);
				GCC_WARN_64_TO_32_BIT_CONVERSION = YES;
				GCC_WARN_ABOUT_RETURN_TYPE = YES_ERROR;
				GCC_WARN_UNDECLARED_SELECTOR = YES;
				GCC_WARN_UNINITIALIZED_AUTOS = YES_AGGRESSIVE;
				GCC_WARN_UNUSED_FUNCTION = YES;
				GCC_WARN_UNUSED_VARIABLE = YES;
				IPHONEOS_DEPLOYMENT_TARGET = 16.2;
				MTL_ENABLE_DEBUG_INFO = INCLUDE_SOURCE;
				MTL_FAST_MATH = YES;
				ONLY_ACTIVE_ARCH = YES;
				SDKROOT = iphoneos;
				SWIFT_ACTIVE_COMPILATION_CONDITIONS = DEBUG;
				SWIFT_OPTIMIZATION_LEVEL = "-Onone";
			};
			name = Debug;
		};
		6FDB930C2A37B7BB00E0612E /* Release */ = {
			isa = XCBuildConfiguration;
			buildSettings = {
				ALWAYS_SEARCH_USER_PATHS = NO;
				CLANG_ANALYZER_NONNULL = YES;
				CLANG_ANALYZER_NUMBER_OBJECT_CONVERSION = YES_AGGRESSIVE;
				CLANG_CXX_LANGUAGE_STANDARD = "gnu++20";
				CLANG_ENABLE_MODULES = YES;
				CLANG_ENABLE_OBJC_ARC = YES;
				CLANG_ENABLE_OBJC_WEAK = YES;
				CLANG_WARN_BLOCK_CAPTURE_AUTORELEASING = YES;
				CLANG_WARN_BOOL_CONVERSION = YES;
				CLANG_WARN_COMMA = YES;
				CLANG_WARN_CONSTANT_CONVERSION = YES;
				CLANG_WARN_DEPRECATED_OBJC_IMPLEMENTATIONS = YES;
				CLANG_WARN_DIRECT_OBJC_ISA_USAGE = YES_ERROR;
				CLANG_WARN_DOCUMENTATION_COMMENTS = YES;
				CLANG_WARN_EMPTY_BODY = YES;
				CLANG_WARN_ENUM_CONVERSION = YES;
				CLANG_WARN_INFINITE_RECURSION = YES;
				CLANG_WARN_INT_CONVERSION = YES;
				CLANG_WARN_NON_LITERAL_NULL_CONVERSION = YES;
				CLANG_WARN_OBJC_IMPLICIT_RETAIN_SELF = YES;
				CLANG_WARN_OBJC_LITERAL_CONVERSION = YES;
				CLANG_WARN_OBJC_ROOT_CLASS = YES_ERROR;
				CLANG_WARN_QUOTED_INCLUDE_IN_FRAMEWORK_HEADER = YES;
				CLANG_WARN_RANGE_LOOP_ANALYSIS = YES;
				CLANG_WARN_STRICT_PROTOTYPES = YES;
				CLANG_WARN_SUSPICIOUS_MOVE = YES;
				CLANG_WARN_UNGUARDED_AVAILABILITY = YES_AGGRESSIVE;
				CLANG_WARN_UNREACHABLE_CODE = YES;
				CLANG_WARN__DUPLICATE_METHOD_MATCH = YES;
				COPY_PHASE_STRIP = NO;
				DEBUG_INFORMATION_FORMAT = "dwarf-with-dsym";
				ENABLE_NS_ASSERTIONS = NO;
				ENABLE_STRICT_OBJC_MSGSEND = YES;
				GCC_C_LANGUAGE_STANDARD = gnu11;
				GCC_NO_COMMON_BLOCKS = YES;
				GCC_WARN_64_TO_32_BIT_CONVERSION = YES;
				GCC_WARN_ABOUT_RETURN_TYPE = YES_ERROR;
				GCC_WARN_UNDECLARED_SELECTOR = YES;
				GCC_WARN_UNINITIALIZED_AUTOS = YES_AGGRESSIVE;
				GCC_WARN_UNUSED_FUNCTION = YES;
				GCC_WARN_UNUSED_VARIABLE = YES;
				IPHONEOS_DEPLOYMENT_TARGET = 16.2;
				MTL_ENABLE_DEBUG_INFO = NO;
				MTL_FAST_MATH = YES;
				SDKROOT = iphoneos;
				SWIFT_COMPILATION_MODE = wholemodule;
				SWIFT_OPTIMIZATION_LEVEL = "-O";
				VALIDATE_PRODUCT = YES;
			};
			name = Release;
		};
		6FDB930E2A37B7BB00E0612E /* Debug */ = {
			isa = XCBuildConfiguration;
			baseConfigurationReference = F02D2735E62EA2A1431BF222 /* Pods-Prueba.debug.xcconfig */;
			buildSettings = {
				ASSETCATALOG_COMPILER_APPICON_NAME = AppIcon;
				ASSETCATALOG_COMPILER_GLOBAL_ACCENT_COLOR_NAME = AccentColor;
				CODE_SIGN_STYLE = Automatic;
				CURRENT_PROJECT_VERSION = 1;
				DEVELOPMENT_TEAM = HGFM96H52V;
				GENERATE_INFOPLIST_FILE = YES;
				INFOPLIST_FILE = Prueba/Info.plist;
				INFOPLIST_KEY_UIApplicationSupportsIndirectInputEvents = YES;
				INFOPLIST_KEY_UILaunchStoryboardName = LaunchScreen;
				INFOPLIST_KEY_UIMainStoryboardFile = "";
				INFOPLIST_KEY_UISupportedInterfaceOrientations_iPad = "UIInterfaceOrientationPortrait UIInterfaceOrientationPortraitUpsideDown UIInterfaceOrientationLandscapeLeft UIInterfaceOrientationLandscapeRight";
				INFOPLIST_KEY_UISupportedInterfaceOrientations_iPhone = "UIInterfaceOrientationPortrait UIInterfaceOrientationLandscapeLeft UIInterfaceOrientationLandscapeRight";
				LD_RUNPATH_SEARCH_PATHS = (
					"$(inherited)",
					"@executable_path/Frameworks",
				);
				MARKETING_VERSION = 1.0;
				PRODUCT_BUNDLE_IDENTIFIER = cristobalramos.com.Prueba;
				PRODUCT_NAME = "$(TARGET_NAME)";
				SWIFT_EMIT_LOC_STRINGS = YES;
				SWIFT_VERSION = 5.0;
				TARGETED_DEVICE_FAMILY = "1,2";
			};
			name = Debug;
		};
		6FDB930F2A37B7BB00E0612E /* Release */ = {
			isa = XCBuildConfiguration;
			baseConfigurationReference = 8B10DD4F8563D78C60897942 /* Pods-Prueba.release.xcconfig */;
			buildSettings = {
				ASSETCATALOG_COMPILER_APPICON_NAME = AppIcon;
				ASSETCATALOG_COMPILER_GLOBAL_ACCENT_COLOR_NAME = AccentColor;
				CODE_SIGN_STYLE = Automatic;
				CURRENT_PROJECT_VERSION = 1;
				DEVELOPMENT_TEAM = HGFM96H52V;
				GENERATE_INFOPLIST_FILE = YES;
				INFOPLIST_FILE = Prueba/Info.plist;
				INFOPLIST_KEY_UIApplicationSupportsIndirectInputEvents = YES;
				INFOPLIST_KEY_UILaunchStoryboardName = LaunchScreen;
				INFOPLIST_KEY_UIMainStoryboardFile = "";
				INFOPLIST_KEY_UISupportedInterfaceOrientations_iPad = "UIInterfaceOrientationPortrait UIInterfaceOrientationPortraitUpsideDown UIInterfaceOrientationLandscapeLeft UIInterfaceOrientationLandscapeRight";
				INFOPLIST_KEY_UISupportedInterfaceOrientations_iPhone = "UIInterfaceOrientationPortrait UIInterfaceOrientationLandscapeLeft UIInterfaceOrientationLandscapeRight";
				LD_RUNPATH_SEARCH_PATHS = (
					"$(inherited)",
					"@executable_path/Frameworks",
				);
				MARKETING_VERSION = 1.0;
				PRODUCT_BUNDLE_IDENTIFIER = cristobalramos.com.Prueba;
				PRODUCT_NAME = "$(TARGET_NAME)";
				SWIFT_EMIT_LOC_STRINGS = YES;
				SWIFT_VERSION = 5.0;
				TARGETED_DEVICE_FAMILY = "1,2";
			};
			name = Release;
		};
/* End XCBuildConfiguration section */

/* Begin XCConfigurationList section */
		6F5C434E2A3915ED00AC3842 /* Build configuration list for PBXNativeTarget "PruebaTests" */ = {
			isa = XCConfigurationList;
			buildConfigurations = (
				6F5C434F2A3915ED00AC3842 /* Debug */,
				6F5C43502A3915ED00AC3842 /* Release */,
			);
			defaultConfigurationIsVisible = 0;
			defaultConfigurationName = Release;
		};
		6FDB92F42A37B7B800E0612E /* Build configuration list for PBXProject "Prueba" */ = {
			isa = XCConfigurationList;
			buildConfigurations = (
				6FDB930B2A37B7BB00E0612E /* Debug */,
				6FDB930C2A37B7BB00E0612E /* Release */,
			);
			defaultConfigurationIsVisible = 0;
			defaultConfigurationName = Release;
		};
		6FDB930D2A37B7BB00E0612E /* Build configuration list for PBXNativeTarget "Prueba" */ = {
			isa = XCConfigurationList;
			buildConfigurations = (
				6FDB930E2A37B7BB00E0612E /* Debug */,
				6FDB930F2A37B7BB00E0612E /* Release */,
			);
			defaultConfigurationIsVisible = 0;
			defaultConfigurationName = Release;
		};
/* End XCConfigurationList section */
	};
	rootObject = 6FDB92F12A37B7B800E0612E /* Project object */;
}
